
Microsoft Visual Studio Solution File, Format Version 12.00
# Visual Studio 15
VisualStudioVersion = 15.0.27130.2027
MinimumVisualStudioVersion = 10.0.40219.1
Project("{FAE04EC0-301F-11D3-BF4B-00C04F79EFBC}") = "RocApp.Android", "RocApp\RocApp.Android\RocApp.Android.csproj", "{7C22FFF5-3E5F-4ADE-B312-0BD7D0FECB79}"
EndProject
Project("{FAE04EC0-301F-11D3-BF4B-00C04F79EFBC}") = "RocApp.iOS", "RocApp\RocApp.iOS\RocApp.iOS.csproj", "{10F9456F-E23F-400C-8B11-D8A4A7AD0D92}"
EndProject
Project("{FAE04EC0-301F-11D3-BF4B-00C04F79EFBC}") = "RocApp.UWP", "RocApp\RocApp.UWP\RocApp.UWP.csproj", "{A5ED9ADB-305A-4CFF-B553-0DFC6D0735C0}"
EndProject
Project("{9A19103F-16F7-4668-BE54-9A1E7A4F7556}") = "RocApp", "RocApp\RocApp\RocApp.csproj", "{CE8C9CE4-0DAE-4BEF-A8D8-FC7E1C8063D8}"
EndProject
Global
	GlobalSection(SolutionConfigurationPlatforms) = preSolution
		Ad-Hoc|Any CPU = Ad-Hoc|Any CPU
		Ad-Hoc|ARM = Ad-Hoc|ARM
		Ad-Hoc|iPhone = Ad-Hoc|iPhone
		Ad-Hoc|iPhoneSimulator = Ad-Hoc|iPhoneSimulator
		Ad-Hoc|x64 = Ad-Hoc|x64
		Ad-Hoc|x86 = Ad-Hoc|x86
		AppStore|Any CPU = AppStore|Any CPU
		AppStore|ARM = AppStore|ARM
		AppStore|iPhone = AppStore|iPhone
		AppStore|iPhoneSimulator = AppStore|iPhoneSimulator
		AppStore|x64 = AppStore|x64
		AppStore|x86 = AppStore|x86
		Debug|Any CPU = Debug|Any CPU
		Debug|ARM = Debug|ARM
		Debug|iPhone = Debug|iPhone
		Debug|iPhoneSimulator = Debug|iPhoneSimulator
		Debug|x64 = Debug|x64
		Debug|x86 = Debug|x86
		Release|Any CPU = Release|Any CPU
		Release|ARM = Release|ARM
		Release|iPhone = Release|iPhone
		Release|iPhoneSimulator = Release|iPhoneSimulator
		Release|x64 = Release|x64
		Release|x86 = Release|x86
	EndGlobalSection
	GlobalSection(ProjectConfigurationPlatforms) = postSolution
		{7C22FFF5-3E5F-4ADE-B312-0BD7D0FECB79}.Ad-Hoc|Any CPU.ActiveCfg = Release|Any CPU
		{7C22FFF5-3E5F-4ADE-B312-0BD7D0FECB79}.Ad-Hoc|Any CPU.Build.0 = Release|Any CPU
		{7C22FFF5-3E5F-4ADE-B312-0BD7D0FECB79}.Ad-Hoc|Any CPU.Deploy.0 = Release|Any CPU
		{7C22FFF5-3E5F-4ADE-B312-0BD7D0FECB79}.Ad-Hoc|ARM.ActiveCfg = Release|Any CPU
		{7C22FFF5-3E5F-4ADE-B312-0BD7D0FECB79}.Ad-Hoc|ARM.Build.0 = Release|Any CPU
		{7C22FFF5-3E5F-4ADE-B312-0BD7D0FECB79}.Ad-Hoc|ARM.Deploy.0 = Release|Any CPU
		{7C22FFF5-3E5F-4ADE-B312-0BD7D0FECB79}.Ad-Hoc|iPhone.ActiveCfg = Release|Any CPU
		{7C22FFF5-3E5F-4ADE-B312-0BD7D0FECB79}.Ad-Hoc|iPhone.Build.0 = Release|Any CPU
		{7C22FFF5-3E5F-4ADE-B312-0BD7D0FECB79}.Ad-Hoc|iPhone.Deploy.0 = Release|Any CPU
		{7C22FFF5-3E5F-4ADE-B312-0BD7D0FECB79}.Ad-Hoc|iPhoneSimulator.ActiveCfg = Release|Any CPU
		{7C22FFF5-3E5F-4ADE-B312-0BD7D0FECB79}.Ad-Hoc|iPhoneSimulator.Build.0 = Release|Any CPU
		{7C22FFF5-3E5F-4ADE-B312-0BD7D0FECB79}.Ad-Hoc|iPhoneSimulator.Deploy.0 = Release|Any CPU
		{7C22FFF5-3E5F-4ADE-B312-0BD7D0FECB79}.Ad-Hoc|x64.ActiveCfg = Release|Any CPU
		{7C22FFF5-3E5F-4ADE-B312-0BD7D0FECB79}.Ad-Hoc|x64.Build.0 = Release|Any CPU
		{7C22FFF5-3E5F-4ADE-B312-0BD7D0FECB79}.Ad-Hoc|x64.Deploy.0 = Release|Any CPU
		{7C22FFF5-3E5F-4ADE-B312-0BD7D0FECB79}.Ad-Hoc|x86.ActiveCfg = Release|Any CPU
		{7C22FFF5-3E5F-4ADE-B312-0BD7D0FECB79}.Ad-Hoc|x86.Build.0 = Release|Any CPU
		{7C22FFF5-3E5F-4ADE-B312-0BD7D0FECB79}.Ad-Hoc|x86.Deploy.0 = Release|Any CPU
		{7C22FFF5-3E5F-4ADE-B312-0BD7D0FECB79}.AppStore|Any CPU.ActiveCfg = Release|Any CPU
		{7C22FFF5-3E5F-4ADE-B312-0BD7D0FECB79}.AppStore|Any CPU.Build.0 = Release|Any CPU
		{7C22FFF5-3E5F-4ADE-B312-0BD7D0FECB79}.AppStore|Any CPU.Deploy.0 = Release|Any CPU
		{7C22FFF5-3E5F-4ADE-B312-0BD7D0FECB79}.AppStore|ARM.ActiveCfg = Release|Any CPU
		{7C22FFF5-3E5F-4ADE-B312-0BD7D0FECB79}.AppStore|ARM.Build.0 = Release|Any CPU
		{7C22FFF5-3E5F-4ADE-B312-0BD7D0FECB79}.AppStore|ARM.Deploy.0 = Release|Any CPU
		{7C22FFF5-3E5F-4ADE-B312-0BD7D0FECB79}.AppStore|iPhone.ActiveCfg = Release|Any CPU
		{7C22FFF5-3E5F-4ADE-B312-0BD7D0FECB79}.AppStore|iPhone.Build.0 = Release|Any CPU
		{7C22FFF5-3E5F-4ADE-B312-0BD7D0FECB79}.AppStore|iPhone.Deploy.0 = Release|Any CPU
		{7C22FFF5-3E5F-4ADE-B312-0BD7D0FECB79}.AppStore|iPhoneSimulator.ActiveCfg = Release|Any CPU
		{7C22FFF5-3E5F-4ADE-B312-0BD7D0FECB79}.AppStore|iPhoneSimulator.Build.0 = Release|Any CPU
		{7C22FFF5-3E5F-4ADE-B312-0BD7D0FECB79}.AppStore|iPhoneSimulator.Deploy.0 = Release|Any CPU
		{7C22FFF5-3E5F-4ADE-B312-0BD7D0FECB79}.AppStore|x64.ActiveCfg = Release|Any CPU
		{7C22FFF5-3E5F-4ADE-B312-0BD7D0FECB79}.AppStore|x64.Build.0 = Release|Any CPU
		{7C22FFF5-3E5F-4ADE-B312-0BD7D0FECB79}.AppStore|x64.Deploy.0 = Release|Any CPU
		{7C22FFF5-3E5F-4ADE-B312-0BD7D0FECB79}.AppStore|x86.ActiveCfg = Release|Any CPU
		{7C22FFF5-3E5F-4ADE-B312-0BD7D0FECB79}.AppStore|x86.Build.0 = Release|Any CPU
		{7C22FFF5-3E5F-4ADE-B312-0BD7D0FECB79}.AppStore|x86.Deploy.0 = Release|Any CPU
		{7C22FFF5-3E5F-4ADE-B312-0BD7D0FECB79}.Debug|Any CPU.ActiveCfg = Debug|Any CPU
		{7C22FFF5-3E5F-4ADE-B312-0BD7D0FECB79}.Debug|Any CPU.Build.0 = Debug|Any CPU
		{7C22FFF5-3E5F-4ADE-B312-0BD7D0FECB79}.Debug|Any CPU.Deploy.0 = Debug|Any CPU
		{7C22FFF5-3E5F-4ADE-B312-0BD7D0FECB79}.Debug|ARM.ActiveCfg = Debug|Any CPU
		{7C22FFF5-3E5F-4ADE-B312-0BD7D0FECB79}.Debug|ARM.Build.0 = Debug|Any CPU
		{7C22FFF5-3E5F-4ADE-B312-0BD7D0FECB79}.Debug|ARM.Deploy.0 = Debug|Any CPU
		{7C22FFF5-3E5F-4ADE-B312-0BD7D0FECB79}.Debug|iPhone.ActiveCfg = Debug|Any CPU
		{7C22FFF5-3E5F-4ADE-B312-0BD7D0FECB79}.Debug|iPhone.Build.0 = Debug|Any CPU
		{7C22FFF5-3E5F-4ADE-B312-0BD7D0FECB79}.Debug|iPhone.Deploy.0 = Debug|Any CPU
		{7C22FFF5-3E5F-4ADE-B312-0BD7D0FECB79}.Debug|iPhoneSimulator.ActiveCfg = Debug|Any CPU
		{7C22FFF5-3E5F-4ADE-B312-0BD7D0FECB79}.Debug|iPhoneSimulator.Build.0 = Debug|Any CPU
		{7C22FFF5-3E5F-4ADE-B312-0BD7D0FECB79}.Debug|iPhoneSimulator.Deploy.0 = Debug|Any CPU
		{7C22FFF5-3E5F-4ADE-B312-0BD7D0FECB79}.Debug|x64.ActiveCfg = Debug|Any CPU
		{7C22FFF5-3E5F-4ADE-B312-0BD7D0FECB79}.Debug|x64.Build.0 = Debug|Any CPU
		{7C22FFF5-3E5F-4ADE-B312-0BD7D0FECB79}.Debug|x64.Deploy.0 = Debug|Any CPU
		{7C22FFF5-3E5F-4ADE-B312-0BD7D0FECB79}.Debug|x86.ActiveCfg = Debug|Any CPU
		{7C22FFF5-3E5F-4ADE-B312-0BD7D0FECB79}.Debug|x86.Build.0 = Debug|Any CPU
		{7C22FFF5-3E5F-4ADE-B312-0BD7D0FECB79}.Debug|x86.Deploy.0 = Debug|Any CPU
		{7C22FFF5-3E5F-4ADE-B312-0BD7D0FECB79}.Release|Any CPU.ActiveCfg = Release|Any CPU
		{7C22FFF5-3E5F-4ADE-B312-0BD7D0FECB79}.Release|Any CPU.Build.0 = Release|Any CPU
		{7C22FFF5-3E5F-4ADE-B312-0BD7D0FECB79}.Release|Any CPU.Deploy.0 = Release|Any CPU
		{7C22FFF5-3E5F-4ADE-B312-0BD7D0FECB79}.Release|ARM.ActiveCfg = Release|Any CPU
		{7C22FFF5-3E5F-4ADE-B312-0BD7D0FECB79}.Release|ARM.Build.0 = Release|Any CPU
		{7C22FFF5-3E5F-4ADE-B312-0BD7D0FECB79}.Release|ARM.Deploy.0 = Release|Any CPU
		{7C22FFF5-3E5F-4ADE-B312-0BD7D0FECB79}.Release|iPhone.ActiveCfg = Release|Any CPU
		{7C22FFF5-3E5F-4ADE-B312-0BD7D0FECB79}.Release|iPhone.Build.0 = Release|Any CPU
		{7C22FFF5-3E5F-4ADE-B312-0BD7D0FECB79}.Release|iPhone.Deploy.0 = Release|Any CPU
		{7C22FFF5-3E5F-4ADE-B312-0BD7D0FECB79}.Release|iPhoneSimulator.ActiveCfg = Release|Any CPU
		{7C22FFF5-3E5F-4ADE-B312-0BD7D0FECB79}.Release|iPhoneSimulator.Build.0 = Release|Any CPU
		{7C22FFF5-3E5F-4ADE-B312-0BD7D0FECB79}.Release|iPhoneSimulator.Deploy.0 = Release|Any CPU
		{7C22FFF5-3E5F-4ADE-B312-0BD7D0FECB79}.Release|x64.ActiveCfg = Release|Any CPU
		{7C22FFF5-3E5F-4ADE-B312-0BD7D0FECB79}.Release|x64.Build.0 = Release|Any CPU
		{7C22FFF5-3E5F-4ADE-B312-0BD7D0FECB79}.Release|x64.Deploy.0 = Release|Any CPU
		{7C22FFF5-3E5F-4ADE-B312-0BD7D0FECB79}.Release|x86.ActiveCfg = Release|Any CPU
		{7C22FFF5-3E5F-4ADE-B312-0BD7D0FECB79}.Release|x86.Build.0 = Release|Any CPU
		{7C22FFF5-3E5F-4ADE-B312-0BD7D0FECB79}.Release|x86.Deploy.0 = Release|Any CPU
		{10F9456F-E23F-400C-8B11-D8A4A7AD0D92}.Ad-Hoc|Any CPU.ActiveCfg = Ad-Hoc|iPhone
		{10F9456F-E23F-400C-8B11-D8A4A7AD0D92}.Ad-Hoc|ARM.ActiveCfg = Ad-Hoc|iPhone
		{10F9456F-E23F-400C-8B11-D8A4A7AD0D92}.Ad-Hoc|iPhone.ActiveCfg = Ad-Hoc|iPhone
		{10F9456F-E23F-400C-8B11-D8A4A7AD0D92}.Ad-Hoc|iPhone.Build.0 = Ad-Hoc|iPhone
		{10F9456F-E23F-400C-8B11-D8A4A7AD0D92}.Ad-Hoc|iPhoneSimulator.ActiveCfg = Ad-Hoc|iPhoneSimulator
		{10F9456F-E23F-400C-8B11-D8A4A7AD0D92}.Ad-Hoc|iPhoneSimulator.Build.0 = Ad-Hoc|iPhoneSimulator
		{10F9456F-E23F-400C-8B11-D8A4A7AD0D92}.Ad-Hoc|x64.ActiveCfg = Ad-Hoc|iPhone
		{10F9456F-E23F-400C-8B11-D8A4A7AD0D92}.Ad-Hoc|x86.ActiveCfg = Ad-Hoc|iPhone
		{10F9456F-E23F-400C-8B11-D8A4A7AD0D92}.AppStore|Any CPU.ActiveCfg = AppStore|iPhone
		{10F9456F-E23F-400C-8B11-D8A4A7AD0D92}.AppStore|ARM.ActiveCfg = AppStore|iPhone
		{10F9456F-E23F-400C-8B11-D8A4A7AD0D92}.AppStore|iPhone.ActiveCfg = AppStore|iPhone
		{10F9456F-E23F-400C-8B11-D8A4A7AD0D92}.AppStore|iPhone.Build.0 = AppStore|iPhone
		{10F9456F-E23F-400C-8B11-D8A4A7AD0D92}.AppStore|iPhoneSimulator.ActiveCfg = AppStore|iPhoneSimulator
		{10F9456F-E23F-400C-8B11-D8A4A7AD0D92}.AppStore|iPhoneSimulator.Build.0 = AppStore|iPhoneSimulator
		{10F9456F-E23F-400C-8B11-D8A4A7AD0D92}.AppStore|x64.ActiveCfg = AppStore|iPhone
		{10F9456F-E23F-400C-8B11-D8A4A7AD0D92}.AppStore|x86.ActiveCfg = AppStore|iPhone
		{10F9456F-E23F-400C-8B11-D8A4A7AD0D92}.Debug|Any CPU.ActiveCfg = Debug|iPhone
		{10F9456F-E23F-400C-8B11-D8A4A7AD0D92}.Debug|ARM.ActiveCfg = Debug|iPhone
		{10F9456F-E23F-400C-8B11-D8A4A7AD0D92}.Debug|iPhone.ActiveCfg = Debug|iPhone
		{10F9456F-E23F-400C-8B11-D8A4A7AD0D92}.Debug|iPhone.Build.0 = Debug|iPhone
		{10F9456F-E23F-400C-8B11-D8A4A7AD0D92}.Debug|iPhoneSimulator.ActiveCfg = Debug|iPhoneSimulator
		{10F9456F-E23F-400C-8B11-D8A4A7AD0D92}.Debug|iPhoneSimulator.Build.0 = Debug|iPhoneSimulator
		{10F9456F-E23F-400C-8B11-D8A4A7AD0D92}.Debug|x64.ActiveCfg = Debug|iPhone
		{10F9456F-E23F-400C-8B11-D8A4A7AD0D92}.Debug|x86.ActiveCfg = Debug|iPhone
		{10F9456F-E23F-400C-8B11-D8A4A7AD0D92}.Release|Any CPU.ActiveCfg = Release|iPhone
		{10F9456F-E23F-400C-8B11-D8A4A7AD0D92}.Release|ARM.ActiveCfg = Release|iPhone
		{10F9456F-E23F-400C-8B11-D8A4A7AD0D92}.Release|iPhone.ActiveCfg = Release|iPhone
		{10F9456F-E23F-400C-8B11-D8A4A7AD0D92}.Release|iPhone.Build.0 = Release|iPhone
		{10F9456F-E23F-400C-8B11-D8A4A7AD0D92}.Release|iPhoneSimulator.ActiveCfg = Release|iPhoneSimulator
		{10F9456F-E23F-400C-8B11-D8A4A7AD0D92}.Release|iPhoneSimulator.Build.0 = Release|iPhoneSimulator
		{10F9456F-E23F-400C-8B11-D8A4A7AD0D92}.Release|x64.ActiveCfg = Release|iPhone
		{10F9456F-E23F-400C-8B11-D8A4A7AD0D92}.Release|x86.ActiveCfg = Release|iPhone
		{A5ED9ADB-305A-4CFF-B553-0DFC6D0735C0}.Ad-Hoc|Any CPU.ActiveCfg = Release|x86
		{A5ED9ADB-305A-4CFF-B553-0DFC6D0735C0}.Ad-Hoc|Any CPU.Build.0 = Release|x86
		{A5ED9ADB-305A-4CFF-B553-0DFC6D0735C0}.Ad-Hoc|Any CPU.Deploy.0 = Release|x86
		{A5ED9ADB-305A-4CFF-B553-0DFC6D0735C0}.Ad-Hoc|ARM.ActiveCfg = Release|ARM
		{A5ED9ADB-305A-4CFF-B553-0DFC6D0735C0}.Ad-Hoc|ARM.Build.0 = Release|ARM
		{A5ED9ADB-305A-4CFF-B553-0DFC6D0735C0}.Ad-Hoc|ARM.Deploy.0 = Release|ARM
		{A5ED9ADB-305A-4CFF-B553-0DFC6D0735C0}.Ad-Hoc|iPhone.ActiveCfg = Release|x86
		{A5ED9ADB-305A-4CFF-B553-0DFC6D0735C0}.Ad-Hoc|iPhone.Build.0 = Release|x86
		{A5ED9ADB-305A-4CFF-B553-0DFC6D0735C0}.Ad-Hoc|iPhone.Deploy.0 = Release|x86
		{A5ED9ADB-305A-4CFF-B553-0DFC6D0735C0}.Ad-Hoc|iPhoneSimulator.ActiveCfg = Release|x86
		{A5ED9ADB-305A-4CFF-B553-0DFC6D0735C0}.Ad-Hoc|iPhoneSimulator.Build.0 = Release|x86
		{A5ED9ADB-305A-4CFF-B553-0DFC6D0735C0}.Ad-Hoc|iPhoneSimulator.Deploy.0 = Release|x86
		{A5ED9ADB-305A-4CFF-B553-0DFC6D0735C0}.Ad-Hoc|x64.ActiveCfg = Release|x64
		{A5ED9ADB-305A-4CFF-B553-0DFC6D0735C0}.Ad-Hoc|x64.Build.0 = Release|x64
		{A5ED9ADB-305A-4CFF-B553-0DFC6D0735C0}.Ad-Hoc|x64.Deploy.0 = Release|x64
		{A5ED9ADB-305A-4CFF-B553-0DFC6D0735C0}.Ad-Hoc|x86.ActiveCfg = Release|x86
		{A5ED9ADB-305A-4CFF-B553-0DFC6D0735C0}.Ad-Hoc|x86.Build.0 = Release|x86
		{A5ED9ADB-305A-4CFF-B553-0DFC6D0735C0}.Ad-Hoc|x86.Deploy.0 = Release|x86
		{A5ED9ADB-305A-4CFF-B553-0DFC6D0735C0}.AppStore|Any CPU.ActiveCfg = Release|x86
		{A5ED9ADB-305A-4CFF-B553-0DFC6D0735C0}.AppStore|Any CPU.Build.0 = Release|x86
		{A5ED9ADB-305A-4CFF-B553-0DFC6D0735C0}.AppStore|Any CPU.Deploy.0 = Release|x86
		{A5ED9ADB-305A-4CFF-B553-0DFC6D0735C0}.AppStore|ARM.ActiveCfg = Release|ARM
		{A5ED9ADB-305A-4CFF-B553-0DFC6D0735C0}.AppStore|ARM.Build.0 = Release|ARM
		{A5ED9ADB-305A-4CFF-B553-0DFC6D0735C0}.AppStore|ARM.Deploy.0 = Release|ARM
		{A5ED9ADB-305A-4CFF-B553-0DFC6D0735C0}.AppStore|iPhone.ActiveCfg = Release|x86
		{A5ED9ADB-305A-4CFF-B553-0DFC6D0735C0}.AppStore|iPhone.Build.0 = Release|x86
		{A5ED9ADB-305A-4CFF-B553-0DFC6D0735C0}.AppStore|iPhone.Deploy.0 = Release|x86
		{A5ED9ADB-305A-4CFF-B553-0DFC6D0735C0}.AppStore|iPhoneSimulator.ActiveCfg = Release|x86
		{A5ED9ADB-305A-4CFF-B553-0DFC6D0735C0}.AppStore|iPhoneSimulator.Build.0 = Release|x86
		{A5ED9ADB-305A-4CFF-B553-0DFC6D0735C0}.AppStore|iPhoneSimulator.Deploy.0 = Release|x86
		{A5ED9ADB-305A-4CFF-B553-0DFC6D0735C0}.AppStore|x64.ActiveCfg = Release|x64
		{A5ED9ADB-305A-4CFF-B553-0DFC6D0735C0}.AppStore|x64.Build.0 = Release|x64
		{A5ED9ADB-305A-4CFF-B553-0DFC6D0735C0}.AppStore|x64.Deploy.0 = Release|x64
		{A5ED9ADB-305A-4CFF-B553-0DFC6D0735C0}.AppStore|x86.ActiveCfg = Release|x86
		{A5ED9ADB-305A-4CFF-B553-0DFC6D0735C0}.AppStore|x86.Build.0 = Release|x86
		{A5ED9ADB-305A-4CFF-B553-0DFC6D0735C0}.AppStore|x86.Deploy.0 = Release|x86
		{A5ED9ADB-305A-4CFF-B553-0DFC6D0735C0}.Debug|Any CPU.ActiveCfg = Debug|x86
		{A5ED9ADB-305A-4CFF-B553-0DFC6D0735C0}.Debug|ARM.ActiveCfg = Debug|ARM
		{A5ED9ADB-305A-4CFF-B553-0DFC6D0735C0}.Debug|ARM.Build.0 = Debug|ARM
		{A5ED9ADB-305A-4CFF-B553-0DFC6D0735C0}.Debug|ARM.Deploy.0 = Debug|ARM
		{A5ED9ADB-305A-4CFF-B553-0DFC6D0735C0}.Debug|iPhone.ActiveCfg = Debug|x86
		{A5ED9ADB-305A-4CFF-B553-0DFC6D0735C0}.Debug|iPhoneSimulator.ActiveCfg = Debug|x86
		{A5ED9ADB-305A-4CFF-B553-0DFC6D0735C0}.Debug|x64.ActiveCfg = Debug|x64
		{A5ED9ADB-305A-4CFF-B553-0DFC6D0735C0}.Debug|x64.Build.0 = Debug|x64
		{A5ED9ADB-305A-4CFF-B553-0DFC6D0735C0}.Debug|x64.Deploy.0 = Debug|x64
		{A5ED9ADB-305A-4CFF-B553-0DFC6D0735C0}.Debug|x86.ActiveCfg = Debug|x86
		{A5ED9ADB-305A-4CFF-B553-0DFC6D0735C0}.Debug|x86.Build.0 = Debug|x86
		{A5ED9ADB-305A-4CFF-B553-0DFC6D0735C0}.Debug|x86.Deploy.0 = Debug|x86
		{A5ED9ADB-305A-4CFF-B553-0DFC6D0735C0}.Release|Any CPU.ActiveCfg = Release|x86
		{A5ED9ADB-305A-4CFF-B553-0DFC6D0735C0}.Release|ARM.ActiveCfg = Release|ARM
		{A5ED9ADB-305A-4CFF-B553-0DFC6D0735C0}.Release|ARM.Build.0 = Release|ARM
		{A5ED9ADB-305A-4CFF-B553-0DFC6D0735C0}.Release|ARM.Deploy.0 = Release|ARM
		{A5ED9ADB-305A-4CFF-B553-0DFC6D0735C0}.Release|iPhone.ActiveCfg = Release|x86
		{A5ED9ADB-305A-4CFF-B553-0DFC6D0735C0}.Release|iPhoneSimulator.ActiveCfg = Release|x86
		{A5ED9ADB-305A-4CFF-B553-0DFC6D0735C0}.Release|x64.ActiveCfg = Release|x64
		{A5ED9ADB-305A-4CFF-B553-0DFC6D0735C0}.Release|x64.Build.0 = Release|x64
		{A5ED9ADB-305A-4CFF-B553-0DFC6D0735C0}.Release|x64.Deploy.0 = Release|x64
		{A5ED9ADB-305A-4CFF-B553-0DFC6D0735C0}.Release|x86.ActiveCfg = Release|x86
		{A5ED9ADB-305A-4CFF-B553-0DFC6D0735C0}.Release|x86.Build.0 = Release|x86
		{A5ED9ADB-305A-4CFF-B553-0DFC6D0735C0}.Release|x86.Deploy.0 = Release|x86
		{CE8C9CE4-0DAE-4BEF-A8D8-FC7E1C8063D8}.Ad-Hoc|Any CPU.ActiveCfg = Debug|Any CPU
		{CE8C9CE4-0DAE-4BEF-A8D8-FC7E1C8063D8}.Ad-Hoc|Any CPU.Build.0 = Debug|Any CPU
		{CE8C9CE4-0DAE-4BEF-A8D8-FC7E1C8063D8}.Ad-Hoc|ARM.ActiveCfg = Debug|Any CPU
		{CE8C9CE4-0DAE-4BEF-A8D8-FC7E1C8063D8}.Ad-Hoc|ARM.Build.0 = Debug|Any CPU
		{CE8C9CE4-0DAE-4BEF-A8D8-FC7E1C8063D8}.Ad-Hoc|iPhone.ActiveCfg = Debug|Any CPU
		{CE8C9CE4-0DAE-4BEF-A8D8-FC7E1C8063D8}.Ad-Hoc|iPhone.Build.0 = Debug|Any CPU
		{CE8C9CE4-0DAE-4BEF-A8D8-FC7E1C8063D8}.Ad-Hoc|iPhoneSimulator.ActiveCfg = Debug|Any CPU
		{CE8C9CE4-0DAE-4BEF-A8D8-FC7E1C8063D8}.Ad-Hoc|iPhoneSimulator.Build.0 = Debug|Any CPU
		{CE8C9CE4-0DAE-4BEF-A8D8-FC7E1C8063D8}.Ad-Hoc|x64.ActiveCfg = Debug|Any CPU
		{CE8C9CE4-0DAE-4BEF-A8D8-FC7E1C8063D8}.Ad-Hoc|x64.Build.0 = Debug|Any CPU
		{CE8C9CE4-0DAE-4BEF-A8D8-FC7E1C8063D8}.Ad-Hoc|x86.ActiveCfg = Debug|Any CPU
		{CE8C9CE4-0DAE-4BEF-A8D8-FC7E1C8063D8}.Ad-Hoc|x86.Build.0 = Debug|Any CPU
		{CE8C9CE4-0DAE-4BEF-A8D8-FC7E1C8063D8}.AppStore|Any CPU.ActiveCfg = Debug|Any CPU
		{CE8C9CE4-0DAE-4BEF-A8D8-FC7E1C8063D8}.AppStore|Any CPU.Build.0 = Debug|Any CPU
		{CE8C9CE4-0DAE-4BEF-A8D8-FC7E1C8063D8}.AppStore|ARM.ActiveCfg = Debug|Any CPU
		{CE8C9CE4-0DAE-4BEF-A8D8-FC7E1C8063D8}.AppStore|ARM.Build.0 = Debug|Any CPU
		{CE8C9CE4-0DAE-4BEF-A8D8-FC7E1C8063D8}.AppStore|iPhone.ActiveCfg = Debug|Any CPU
		{CE8C9CE4-0DAE-4BEF-A8D8-FC7E1C8063D8}.AppStore|iPhone.Build.0 = Debug|Any CPU
		{CE8C9CE4-0DAE-4BEF-A8D8-FC7E1C8063D8}.AppStore|iPhoneSimulator.ActiveCfg = Debug|Any CPU
		{CE8C9CE4-0DAE-4BEF-A8D8-FC7E1C8063D8}.AppStore|iPhoneSimulator.Build.0 = Debug|Any CPU
		{CE8C9CE4-0DAE-4BEF-A8D8-FC7E1C8063D8}.AppStore|x64.ActiveCfg = Debug|Any CPU
		{CE8C9CE4-0DAE-4BEF-A8D8-FC7E1C8063D8}.AppStore|x64.Build.0 = Debug|Any CPU
		{CE8C9CE4-0DAE-4BEF-A8D8-FC7E1C8063D8}.AppStore|x86.ActiveCfg = Debug|Any CPU
		{CE8C9CE4-0DAE-4BEF-A8D8-FC7E1C8063D8}.AppStore|x86.Build.0 = Debug|Any CPU
		{CE8C9CE4-0DAE-4BEF-A8D8-FC7E1C8063D8}.Debug|Any CPU.ActiveCfg = Debug|Any CPU
		{CE8C9CE4-0DAE-4BEF-A8D8-FC7E1C8063D8}.Debug|Any CPU.Build.0 = Debug|Any CPU
		{CE8C9CE4-0DAE-4BEF-A8D8-FC7E1C8063D8}.Debug|ARM.ActiveCfg = Debug|Any CPU
		{CE8C9CE4-0DAE-4BEF-A8D8-FC7E1C8063D8}.Debug|ARM.Build.0 = Debug|Any CPU
		{CE8C9CE4-0DAE-4BEF-A8D8-FC7E1C8063D8}.Debug|iPhone.ActiveCfg = Debug|Any CPU
		{CE8C9CE4-0DAE-4BEF-A8D8-FC7E1C8063D8}.Debug|iPhone.Build.0 = Debug|Any CPU
		{CE8C9CE4-0DAE-4BEF-A8D8-FC7E1C8063D8}.Debug|iPhoneSimulator.ActiveCfg = Debug|Any CPU
		{CE8C9CE4-0DAE-4BEF-A8D8-FC7E1C8063D8}.Debug|iPhoneSimulator.Build.0 = Debug|Any CPU
		{CE8C9CE4-0DAE-4BEF-A8D8-FC7E1C8063D8}.Debug|x64.ActiveCfg = Debug|Any CPU
		{CE8C9CE4-0DAE-4BEF-A8D8-FC7E1C8063D8}.Debug|x64.Build.0 = Debug|Any CPU
		{CE8C9CE4-0DAE-4BEF-A8D8-FC7E1C8063D8}.Debug|x86.ActiveCfg = Debug|Any CPU
		{CE8C9CE4-0DAE-4BEF-A8D8-FC7E1C8063D8}.Debug|x86.Build.0 = Debug|Any CPU
		{CE8C9CE4-0DAE-4BEF-A8D8-FC7E1C8063D8}.Release|Any CPU.ActiveCfg = Release|Any CPU
		{CE8C9CE4-0DAE-4BEF-A8D8-FC7E1C8063D8}.Release|Any CPU.Build.0 = Release|Any CPU
		{CE8C9CE4-0DAE-4BEF-A8D8-FC7E1C8063D8}.Release|ARM.ActiveCfg = Release|Any CPU
		{CE8C9CE4-0DAE-4BEF-A8D8-FC7E1C8063D8}.Release|ARM.Build.0 = Release|Any CPU
		{CE8C9CE4-0DAE-4BEF-A8D8-FC7E1C8063D8}.Release|iPhone.ActiveCfg = Release|Any CPU
		{CE8C9CE4-0DAE-4BEF-A8D8-FC7E1C8063D8}.Release|iPhone.Build.0 = Release|Any CPU
		{CE8C9CE4-0DAE-4BEF-A8D8-FC7E1C8063D8}.Release|iPhoneSimulator.ActiveCfg = Release|Any CPU
		{CE8C9CE4-0DAE-4BEF-A8D8-FC7E1C8063D8}.Release|iPhoneSimulator.Build.0 = Release|Any CPU
		{CE8C9CE4-0DAE-4BEF-A8D8-FC7E1C8063D8}.Release|x64.ActiveCfg = Release|Any CPU
		{CE8C9CE4-0DAE-4BEF-A8D8-FC7E1C8063D8}.Release|x64.Build.0 = Release|Any CPU
		{CE8C9CE4-0DAE-4BEF-A8D8-FC7E1C8063D8}.Release|x86.ActiveCfg = Release|Any CPU
		{CE8C9CE4-0DAE-4BEF-A8D8-FC7E1C8063D8}.Release|x86.Build.0 = Release|Any CPU
	EndGlobalSection
	GlobalSection(SolutionProperties) = preSolution
		HideSolutionNode = FALSE
	EndGlobalSection
	GlobalSection(ExtensibilityGlobals) = postSolution
		SolutionGuid = {2C5D0C8B-5701-426F-96D9-EE9FAC0D43F6}
	EndGlobalSection
EndGlobal
